
Microsoft Visual Studio Solution File, Format Version 12.00
# Visual Studio Version 16
VisualStudioVersion = 16.0.29020.237
MinimumVisualStudioVersion = 10.0.40219.1
Project("{9A19103F-16F7-4668-BE54-9A1E7A4F7556}") = "AspNetCoreStart", "AspNetCoreStart\AspNetCoreStart.csproj", "{42B646FD-7DF4-40D4-912A-C17B776B21F3}"
EndProject
Project("{9A19103F-16F7-4668-BE54-9A1E7A4F7556}") = "Model", "Model\Model.csproj", "{76DB22EA-F096-4E62-A70B-3E5D2B88B37E}"
EndProject
Project("{9A19103F-16F7-4668-BE54-9A1E7A4F7556}") = "FunctionAppEventTest", "FunctionAppEventTest\FunctionAppEventTest.csproj", "{82D00DC2-60CA-406F-9E4D-B2BAF4B25620}"
EndProject
Project("{9A19103F-16F7-4668-BE54-9A1E7A4F7556}") = "Microsoft.Identity.Web", "Microsoft.Identity.Web\Microsoft.Identity.Web.csproj", "{C6BC53B9-7949-4BCF-8CCC-877B326DEF3F}"
EndProject
Global
	GlobalSection(SolutionConfigurationPlatforms) = preSolution
		Debug|Any CPU = Debug|Any CPU
		Release|Any CPU = Release|Any CPU
	EndGlobalSection
	GlobalSection(ProjectConfigurationPlatforms) = postSolution
		{42B646FD-7DF4-40D4-912A-C17B776B21F3}.Debug|Any CPU.ActiveCfg = Debug|Any CPU
		{42B646FD-7DF4-40D4-912A-C17B776B21F3}.Debug|Any CPU.Build.0 = Debug|Any CPU
		{42B646FD-7DF4-40D4-912A-C17B776B21F3}.Release|Any CPU.ActiveCfg = Release|Any CPU
		{42B646FD-7DF4-40D4-912A-C17B776B21F3}.Release|Any CPU.Build.0 = Release|Any CPU
		{76DB22EA-F096-4E62-A70B-3E5D2B88B37E}.Debug|Any CPU.ActiveCfg = Debug|Any CPU
		{76DB22EA-F096-4E62-A70B-3E5D2B88B37E}.Debug|Any CPU.Build.0 = Debug|Any CPU
		{76DB22EA-F096-4E62-A70B-3E5D2B88B37E}.Release|Any CPU.ActiveCfg = Release|Any CPU
		{76DB22EA-F096-4E62-A70B-3E5D2B88B37E}.Release|Any CPU.Build.0 = Release|Any CPU
		{82D00DC2-60CA-406F-9E4D-B2BAF4B25620}.Debug|Any CPU.ActiveCfg = Debug|Any CPU
		{82D00DC2-60CA-406F-9E4D-B2BAF4B25620}.Debug|Any CPU.Build.0 = Debug|Any CPU
		{82D00DC2-60CA-406F-9E4D-B2BAF4B25620}.Release|Any CPU.ActiveCfg = Release|Any CPU
		{82D00DC2-60CA-406F-9E4D-B2BAF4B25620}.Release|Any CPU.Build.0 = Release|Any CPU
		{C6BC53B9-7949-4BCF-8CCC-877B326DEF3F}.Debug|Any CPU.ActiveCfg = Debug|Any CPU
		{C6BC53B9-7949-4BCF-8CCC-877B326DEF3F}.Debug|Any CPU.Build.0 = Debug|Any CPU
		{C6BC53B9-7949-4BCF-8CCC-877B326DEF3F}.Release|Any CPU.ActiveCfg = Release|Any CPU
		{C6BC53B9-7949-4BCF-8CCC-877B326DEF3F}.Release|Any CPU.Build.0 = Release|Any CPU
	EndGlobalSection
	GlobalSection(SolutionProperties) = preSolution
		HideSolutionNode = FALSE
	EndGlobalSection
	GlobalSection(ExtensibilityGlobals) = postSolution
		SolutionGuid = {46DD2813-95A4-4C2D-918F-B52F02BB9B83}
	EndGlobalSection
EndGlobal
